# This file was autogenerated by Stack.
# You should not edit this file by hand.
# For more information, please see the documentation at:
#   https://docs.haskellstack.org/en/stable/lock_files

packages:
- completed:
    hackage: openapi3-3.0.1.0@sha256:c053cbf0fcd27514cfd436019f5eedd2ad02ead0b15640eccb3e8a40e18cf504,4970
    pantry-tree:
      size: 2191
      sha256: de75ae900ada5a0ac86f8d997fb6e85a46024cdfc04bf1b6d3844b41e92d58e8
  original:
    hackage: openapi3-3.0.1.0@sha256:c053cbf0fcd27514cfd436019f5eedd2ad02ead0b15640eccb3e8a40e18cf504,4970
snapshots:
- completed:
    size: 565715
    url: https://raw.githubusercontent.com/commercialhaskell/stackage-snapshots/master/lts/17/7.yaml
    sha256: 1b5e4124989399e60e7a7901f0cefd910beea546131fb07a13a7208c4cc8b7ee
  original:
    url: https://raw.githubusercontent.com/commercialhaskell/stackage-snapshots/master/lts/17/7.yaml
